
Microsoft Visual Studio Solution File, Format Version 12.00
# Visual Studio Version 16
VisualStudioVersion = 16.0.31105.61
MinimumVisualStudioVersion = 10.0.40219.1
Project("{FAE04EC0-301F-11D3-BF4B-00C04F79EFBC}") = "exercicio_01_2022", "exercicio_01_2022.csproj", "{BF6F873D-44D1-4B09-8BE0-7A3404E80D99}"
EndProject
Global
	GlobalSection(SolutionConfigurationPlatforms) = preSolution
		Debug|Any CPU = Debug|Any CPU
		Release|Any CPU = Release|Any CPU
	EndGlobalSection
	GlobalSection(ProjectConfigurationPlatforms) = postSolution
		{BF6F873D-44D1-4B09-8BE0-7A3404E80D99}.Debug|Any CPU.ActiveCfg = Debug|Any CPU
		{BF6F873D-44D1-4B09-8BE0-7A3404E80D99}.Debug|Any CPU.Build.0 = Debug|Any CPU
		{BF6F873D-44D1-4B09-8BE0-7A3404E80D99}.Release|Any CPU.ActiveCfg = Release|Any CPU
		{BF6F873D-44D1-4B09-8BE0-7A3404E80D99}.Release|Any CPU.Build.0 = Release|Any CPU
	EndGlobalSection
	GlobalSection(SolutionProperties) = preSolution
		HideSolutionNode = FALSE
	EndGlobalSection
	GlobalSection(ExtensibilityGlobals) = postSolution
		SolutionGuid = {053F914E-DAD3-4CFD-A813-68F020DB674F}
	EndGlobalSection
EndGlobal
